
Microsoft Visual Studio Solution File, Format Version 12.00
# Visual Studio Version 17
VisualStudioVersion = 17.8.34316.72
MinimumVisualStudioVersion = 10.0.40219.1
Project("{FAE04EC0-301F-11D3-BF4B-00C04F79EFBC}") = "GestionIventaire", "GestionIventaire.csproj", "{FD31C0B0-6C31-4F7A-B7FA-F3B2F43DB736}"
EndProject
Global
	GlobalSection(SolutionConfigurationPlatforms) = preSolution
		Debug|Any CPU = Debug|Any CPU
		Release|Any CPU = Release|Any CPU
	EndGlobalSection
	GlobalSection(ProjectConfigurationPlatforms) = postSolution
		{FD31C0B0-6C31-4F7A-B7FA-F3B2F43DB736}.Debug|Any CPU.ActiveCfg = Debug|Any CPU
		{FD31C0B0-6C31-4F7A-B7FA-F3B2F43DB736}.Debug|Any CPU.Build.0 = Debug|Any CPU
		{FD31C0B0-6C31-4F7A-B7FA-F3B2F43DB736}.Release|Any CPU.ActiveCfg = Release|Any CPU
		{FD31C0B0-6C31-4F7A-B7FA-F3B2F43DB736}.Release|Any CPU.Build.0 = Release|Any CPU
	EndGlobalSection
	GlobalSection(SolutionProperties) = preSolution
		HideSolutionNode = FALSE
	EndGlobalSection
	GlobalSection(ExtensibilityGlobals) = postSolution
		SolutionGuid = {99BEC6A8-6C1D-4861-BB61-8A19A3DB5BE8}
	EndGlobalSection
EndGlobal
